
Microsoft Visual Studio Solution File, Format Version 12.00
# Visual Studio 15
VisualStudioVersion = 15.0.26906.1
MinimumVisualStudioVersion = 10.0.40219.1
Project("{9A19103F-16F7-4668-BE54-9A1E7A4F7556}") = "Farenzena.Lib.Database", "Farenzena.Lib.Database\Farenzena.Lib.Database.csproj", "{86737C6D-7D5C-4069-876E-7C37D46A706A}"
EndProject
Project("{9A19103F-16F7-4668-BE54-9A1E7A4F7556}") = "Farenzena.Lib.Database.Connection.ConfigStorages", "Farenzena.Lib.Database.ConfigStorages\Farenzena.Lib.Database.Connection.ConfigStorages.csproj", "{D0CB9730-7F4E-4024-80DB-A0330AB8ACAA}"
EndProject
Project("{9A19103F-16F7-4668-BE54-9A1E7A4F7556}") = "Farenzena.Lib.Database.EFCore", "Farenzena.Lib.Database.EFCore\Farenzena.Lib.Database.EFCore.csproj", "{3D40D768-D049-44A3-B665-16F1F2A0639E}"
EndProject
Project("{9A19103F-16F7-4668-BE54-9A1E7A4F7556}") = "Farenzena.Lib.Database.Tests", "Farenzena.Lib.Database.Tests\Farenzena.Lib.Database.Tests.csproj", "{EED2FCF2-2C03-457B-A829-7E4E756B0960}"
EndProject
Project("{FAE04EC0-301F-11D3-BF4B-00C04F79EFBC}") = "Farenzena.Lib.Database.Connection.FormsUI", "Farenzena.Lib.Database.Connection.FormsUI\Farenzena.Lib.Database.Connection.FormsUI.csproj", "{25641EF2-0809-45D5-B5AE-B3D4E145B28C}"
EndProject
Project("{FAE04EC0-301F-11D3-BF4B-00C04F79EFBC}") = "Farenzena.Lib.WindowsService", "Farenzena.Lib.WindowsService\Farenzena.Lib.WindowsService.csproj", "{12A24FB0-EE15-4798-924A-B18D2EB3173A}"
EndProject
Project("{FAE04EC0-301F-11D3-BF4B-00C04F79EFBC}") = "Farenzena.Lib.Database.EF", "Farenzena.Lib.Database.EF\Farenzena.Lib.Database.EF.csproj", "{832A5B5A-2A07-4285-97F9-CA6724E08BF3}"
EndProject
Project("{9A19103F-16F7-4668-BE54-9A1E7A4F7556}") = "Farenzena.Lib.AsyncMessaging", "Farenzena.Lib.AsyncMessaging\Farenzena.Lib.AsyncMessaging.csproj", "{64AB5E37-26BB-471E-81B1-4C76959DB75E}"
EndProject
Project("{9A19103F-16F7-4668-BE54-9A1E7A4F7556}") = "Farenzena.Lib.MVVM", "Farenzena.Lib.MVVM\Farenzena.Lib.MVVM.csproj", "{5B62A64B-9EDE-4EDF-9F73-B87DC75D057E}"
EndProject
Project("{FAE04EC0-301F-11D3-BF4B-00C04F79EFBC}") = "Farenzena.Lib.AsyncMessaging.WCFPushingQueue", "Farenzena.Lib.AsyncMessaging.WCFPushingQueue\Farenzena.Lib.AsyncMessaging.WCFPushingQueue.csproj", "{F8381D58-29A4-4564-8E81-634136794AA1}"
EndProject
Project("{9A19103F-16F7-4668-BE54-9A1E7A4F7556}") = "Farenzena.Lib.EventAggregator", "Farenzena.Lib.EventAggregator\Farenzena.Lib.EventAggregator.csproj", "{C0058342-9D1F-4E41-96EF-3C0F60AA9FA3}"
EndProject
Project("{9A19103F-16F7-4668-BE54-9A1E7A4F7556}") = "Farenzena.Lib.Diagnostic", "Farenzena.Lib.Diagnostic\Farenzena.Lib.Diagnostic.csproj", "{C7056448-217D-427A-8050-18161B833C57}"
EndProject
Project("{9A19103F-16F7-4668-BE54-9A1E7A4F7556}") = "Farenzena.Lib.Diagnostic.Log", "Farenzena.Lib.Diagnostic.Log\Farenzena.Lib.Diagnostic.Log.csproj", "{05C0D1F1-1037-44F2-8199-CCDE3A2F49D4}"
EndProject
Project("{9A19103F-16F7-4668-BE54-9A1E7A4F7556}") = "Farenzena.Lib.Diagnostic.Log.Observer.Json", "Farenzena.Lib.Diagnostic.Log.Observer.Json\Farenzena.Lib.Diagnostic.Log.Observer.Json.csproj", "{83AA21CD-8D27-4170-BB9A-D988FD6B9076}"
EndProject
Project("{FAE04EC0-301F-11D3-BF4B-00C04F79EFBC}") = "Farenzena.Lib.Diagnostic.Log.Observer.Console", "Farenzena.Lib.Diagnostic.Log.Observer.Console\Farenzena.Lib.Diagnostic.Log.Observer.Console.csproj", "{5FAA82CB-5DA3-43EA-8A54-4FC6F943EBF3}"
EndProject
Project("{FAE04EC0-301F-11D3-BF4B-00C04F79EFBC}") = "Farenzena.Lib.Diagnostic.Log.Observer.MessageQueue", "Farenzena.Lib.Diagnostic.Log.Observer.MessageQueue\Farenzena.Lib.Diagnostic.Log.Observer.MessageQueue.csproj", "{C699B2C6-99C6-47C9-B385-EDB255873B6A}"
EndProject
Global
	GlobalSection(SolutionConfigurationPlatforms) = preSolution
		Debug|Any CPU = Debug|Any CPU
		Release|Any CPU = Release|Any CPU
	EndGlobalSection
	GlobalSection(ProjectConfigurationPlatforms) = postSolution
		{86737C6D-7D5C-4069-876E-7C37D46A706A}.Debug|Any CPU.ActiveCfg = Debug|Any CPU
		{86737C6D-7D5C-4069-876E-7C37D46A706A}.Debug|Any CPU.Build.0 = Debug|Any CPU
		{86737C6D-7D5C-4069-876E-7C37D46A706A}.Release|Any CPU.ActiveCfg = Release|Any CPU
		{86737C6D-7D5C-4069-876E-7C37D46A706A}.Release|Any CPU.Build.0 = Release|Any CPU
		{D0CB9730-7F4E-4024-80DB-A0330AB8ACAA}.Debug|Any CPU.ActiveCfg = Debug|Any CPU
		{D0CB9730-7F4E-4024-80DB-A0330AB8ACAA}.Debug|Any CPU.Build.0 = Debug|Any CPU
		{D0CB9730-7F4E-4024-80DB-A0330AB8ACAA}.Release|Any CPU.ActiveCfg = Release|Any CPU
		{D0CB9730-7F4E-4024-80DB-A0330AB8ACAA}.Release|Any CPU.Build.0 = Release|Any CPU
		{3D40D768-D049-44A3-B665-16F1F2A0639E}.Debug|Any CPU.ActiveCfg = Debug|Any CPU
		{3D40D768-D049-44A3-B665-16F1F2A0639E}.Debug|Any CPU.Build.0 = Debug|Any CPU
		{3D40D768-D049-44A3-B665-16F1F2A0639E}.Release|Any CPU.ActiveCfg = Release|Any CPU
		{3D40D768-D049-44A3-B665-16F1F2A0639E}.Release|Any CPU.Build.0 = Release|Any CPU
		{EED2FCF2-2C03-457B-A829-7E4E756B0960}.Debug|Any CPU.ActiveCfg = Debug|Any CPU
		{EED2FCF2-2C03-457B-A829-7E4E756B0960}.Debug|Any CPU.Build.0 = Debug|Any CPU
		{EED2FCF2-2C03-457B-A829-7E4E756B0960}.Release|Any CPU.ActiveCfg = Release|Any CPU
		{EED2FCF2-2C03-457B-A829-7E4E756B0960}.Release|Any CPU.Build.0 = Release|Any CPU
		{25641EF2-0809-45D5-B5AE-B3D4E145B28C}.Debug|Any CPU.ActiveCfg = Debug|Any CPU
		{25641EF2-0809-45D5-B5AE-B3D4E145B28C}.Debug|Any CPU.Build.0 = Debug|Any CPU
		{25641EF2-0809-45D5-B5AE-B3D4E145B28C}.Release|Any CPU.ActiveCfg = Release|Any CPU
		{25641EF2-0809-45D5-B5AE-B3D4E145B28C}.Release|Any CPU.Build.0 = Release|Any CPU
		{12A24FB0-EE15-4798-924A-B18D2EB3173A}.Debug|Any CPU.ActiveCfg = Debug|Any CPU
		{12A24FB0-EE15-4798-924A-B18D2EB3173A}.Debug|Any CPU.Build.0 = Debug|Any CPU
		{12A24FB0-EE15-4798-924A-B18D2EB3173A}.Release|Any CPU.ActiveCfg = Release|Any CPU
		{12A24FB0-EE15-4798-924A-B18D2EB3173A}.Release|Any CPU.Build.0 = Release|Any CPU
		{832A5B5A-2A07-4285-97F9-CA6724E08BF3}.Debug|Any CPU.ActiveCfg = Debug|Any CPU
		{832A5B5A-2A07-4285-97F9-CA6724E08BF3}.Debug|Any CPU.Build.0 = Debug|Any CPU
		{832A5B5A-2A07-4285-97F9-CA6724E08BF3}.Release|Any CPU.ActiveCfg = Release|Any CPU
		{832A5B5A-2A07-4285-97F9-CA6724E08BF3}.Release|Any CPU.Build.0 = Release|Any CPU
		{64AB5E37-26BB-471E-81B1-4C76959DB75E}.Debug|Any CPU.ActiveCfg = Debug|Any CPU
		{64AB5E37-26BB-471E-81B1-4C76959DB75E}.Debug|Any CPU.Build.0 = Debug|Any CPU
		{64AB5E37-26BB-471E-81B1-4C76959DB75E}.Release|Any CPU.ActiveCfg = Release|Any CPU
		{64AB5E37-26BB-471E-81B1-4C76959DB75E}.Release|Any CPU.Build.0 = Release|Any CPU
		{5B62A64B-9EDE-4EDF-9F73-B87DC75D057E}.Debug|Any CPU.ActiveCfg = Debug|Any CPU
		{5B62A64B-9EDE-4EDF-9F73-B87DC75D057E}.Debug|Any CPU.Build.0 = Debug|Any CPU
		{5B62A64B-9EDE-4EDF-9F73-B87DC75D057E}.Release|Any CPU.ActiveCfg = Release|Any CPU
		{5B62A64B-9EDE-4EDF-9F73-B87DC75D057E}.Release|Any CPU.Build.0 = Release|Any CPU
		{F8381D58-29A4-4564-8E81-634136794AA1}.Debug|Any CPU.ActiveCfg = Debug|Any CPU
		{F8381D58-29A4-4564-8E81-634136794AA1}.Debug|Any CPU.Build.0 = Debug|Any CPU
		{F8381D58-29A4-4564-8E81-634136794AA1}.Release|Any CPU.ActiveCfg = Release|Any CPU
		{F8381D58-29A4-4564-8E81-634136794AA1}.Release|Any CPU.Build.0 = Release|Any CPU
		{C0058342-9D1F-4E41-96EF-3C0F60AA9FA3}.Debug|Any CPU.ActiveCfg = Debug|Any CPU
		{C0058342-9D1F-4E41-96EF-3C0F60AA9FA3}.Debug|Any CPU.Build.0 = Debug|Any CPU
		{C0058342-9D1F-4E41-96EF-3C0F60AA9FA3}.Release|Any CPU.ActiveCfg = Release|Any CPU
		{C0058342-9D1F-4E41-96EF-3C0F60AA9FA3}.Release|Any CPU.Build.0 = Release|Any CPU
		{C7056448-217D-427A-8050-18161B833C57}.Debug|Any CPU.ActiveCfg = Debug|Any CPU
		{C7056448-217D-427A-8050-18161B833C57}.Debug|Any CPU.Build.0 = Debug|Any CPU
		{C7056448-217D-427A-8050-18161B833C57}.Release|Any CPU.ActiveCfg = Release|Any CPU
		{C7056448-217D-427A-8050-18161B833C57}.Release|Any CPU.Build.0 = Release|Any CPU
		{05C0D1F1-1037-44F2-8199-CCDE3A2F49D4}.Debug|Any CPU.ActiveCfg = Debug|Any CPU
		{05C0D1F1-1037-44F2-8199-CCDE3A2F49D4}.Debug|Any CPU.Build.0 = Debug|Any CPU
		{05C0D1F1-1037-44F2-8199-CCDE3A2F49D4}.Release|Any CPU.ActiveCfg = Release|Any CPU
		{05C0D1F1-1037-44F2-8199-CCDE3A2F49D4}.Release|Any CPU.Build.0 = Release|Any CPU
		{83AA21CD-8D27-4170-BB9A-D988FD6B9076}.Debug|Any CPU.ActiveCfg = Debug|Any CPU
		{83AA21CD-8D27-4170-BB9A-D988FD6B9076}.Debug|Any CPU.Build.0 = Debug|Any CPU
		{83AA21CD-8D27-4170-BB9A-D988FD6B9076}.Release|Any CPU.ActiveCfg = Release|Any CPU
		{83AA21CD-8D27-4170-BB9A-D988FD6B9076}.Release|Any CPU.Build.0 = Release|Any CPU
		{5FAA82CB-5DA3-43EA-8A54-4FC6F943EBF3}.Debug|Any CPU.ActiveCfg = Debug|Any CPU
		{5FAA82CB-5DA3-43EA-8A54-4FC6F943EBF3}.Debug|Any CPU.Build.0 = Debug|Any CPU
		{5FAA82CB-5DA3-43EA-8A54-4FC6F943EBF3}.Release|Any CPU.ActiveCfg = Release|Any CPU
		{5FAA82CB-5DA3-43EA-8A54-4FC6F943EBF3}.Release|Any CPU.Build.0 = Release|Any CPU
		{C699B2C6-99C6-47C9-B385-EDB255873B6A}.Debug|Any CPU.ActiveCfg = Debug|Any CPU
		{C699B2C6-99C6-47C9-B385-EDB255873B6A}.Debug|Any CPU.Build.0 = Debug|Any CPU
		{C699B2C6-99C6-47C9-B385-EDB255873B6A}.Release|Any CPU.ActiveCfg = Release|Any CPU
		{C699B2C6-99C6-47C9-B385-EDB255873B6A}.Release|Any CPU.Build.0 = Release|Any CPU
	EndGlobalSection
	GlobalSection(SolutionProperties) = preSolution
		HideSolutionNode = FALSE
	EndGlobalSection
	GlobalSection(ExtensibilityGlobals) = postSolution
		SolutionGuid = {3FE1D87E-D98C-4A01-995F-9F6F9EA9EBDC}
	EndGlobalSection
EndGlobal
